Microsoft Visual Studio Solution File, Format Version 12.00
# Visual Studio Version 17
VisualStudioVersion = 17.3.32901.215
MinimumVisualStudioVersion = 10.0.40219.1
Project("{9A19103F-16F7-4668-BE54-9A1E7A4F7556}") = "DocInfo", "DocInfo.csproj", "{B7F37D8C-3E07-4A6B-87E8-7F6AC94D4A71}"
EndProject
Project("{9A19103F-16F7-4668-BE54-9A1E7A4F7556}") = "DomainLogic", "..\DomainLogic\DomainLogic.csproj", "{1B2D7D3B-D1F8-4E64-AA75-DE3C5E5FDADC}"
EndProject
Project("{9A19103F-16F7-4668-BE54-9A1E7A4F7556}") = "DocTests", "..\DocTests\DocTests.csproj", "{0EDEC3DA-A90A-4F4E-BB28-DAD96F126363}"
EndProject
Project("{9A19103F-16F7-4668-BE54-9A1E7A4F7556}") = "Contexts", "..\Contexts\Contexts.csproj", "{DD030151-075F-4247-BAB2-D83128E08F09}"
EndProject
Project("{FAE04EC0-301F-11D3-BF4B-00C04F79EFBC}") = "Repositories", "..\Repositories\Repositories.csproj", "{B6B56F8B-01EF-4B10-A04E-11268AC93038}"
EndProject
Project("{FAE04EC0-301F-11D3-BF4B-00C04F79EFBC}") = "Models", "..\Models\Models.csproj", "{ADEB99A7-A48E-4A3C-B8FF-07E6B0D9A65A}"
EndProject
Global
	GlobalSection(SolutionConfigurationPlatforms) = preSolution
		Debug|Any CPU = Debug|Any CPU
		Release|Any CPU = Release|Any CPU
	EndGlobalSection
	GlobalSection(ProjectConfigurationPlatforms) = postSolution
		{B7F37D8C-3E07-4A6B-87E8-7F6AC94D4A71}.Debug|Any CPU.ActiveCfg = Debug|Any CPU
		{B7F37D8C-3E07-4A6B-87E8-7F6AC94D4A71}.Debug|Any CPU.Build.0 = Debug|Any CPU
		{B7F37D8C-3E07-4A6B-87E8-7F6AC94D4A71}.Release|Any CPU.ActiveCfg = Release|Any CPU
		{B7F37D8C-3E07-4A6B-87E8-7F6AC94D4A71}.Release|Any CPU.Build.0 = Release|Any CPU
		{1B2D7D3B-D1F8-4E64-AA75-DE3C5E5FDADC}.Debug|Any CPU.ActiveCfg = Debug|Any CPU
		{1B2D7D3B-D1F8-4E64-AA75-DE3C5E5FDADC}.Debug|Any CPU.Build.0 = Debug|Any CPU
		{1B2D7D3B-D1F8-4E64-AA75-DE3C5E5FDADC}.Release|Any CPU.ActiveCfg = Release|Any CPU
		{1B2D7D3B-D1F8-4E64-AA75-DE3C5E5FDADC}.Release|Any CPU.Build.0 = Release|Any CPU
		{0EDEC3DA-A90A-4F4E-BB28-DAD96F126363}.Debug|Any CPU.ActiveCfg = Debug|Any CPU
		{0EDEC3DA-A90A-4F4E-BB28-DAD96F126363}.Debug|Any CPU.Build.0 = Debug|Any CPU
		{0EDEC3DA-A90A-4F4E-BB28-DAD96F126363}.Release|Any CPU.ActiveCfg = Release|Any CPU
		{0EDEC3DA-A90A-4F4E-BB28-DAD96F126363}.Release|Any CPU.Build.0 = Release|Any CPU
		{DD030151-075F-4247-BAB2-D83128E08F09}.Debug|Any CPU.ActiveCfg = Debug|Any CPU
		{DD030151-075F-4247-BAB2-D83128E08F09}.Debug|Any CPU.Build.0 = Debug|Any CPU
		{DD030151-075F-4247-BAB2-D83128E08F09}.Release|Any CPU.ActiveCfg = Release|Any CPU
		{DD030151-075F-4247-BAB2-D83128E08F09}.Release|Any CPU.Build.0 = Release|Any CPU
		{B6B56F8B-01EF-4B10-A04E-11268AC93038}.Debug|Any CPU.ActiveCfg = Debug|Any CPU
		{B6B56F8B-01EF-4B10-A04E-11268AC93038}.Debug|Any CPU.Build.0 = Debug|Any CPU
		{B6B56F8B-01EF-4B10-A04E-11268AC93038}.Release|Any CPU.ActiveCfg = Release|Any CPU
		{B6B56F8B-01EF-4B10-A04E-11268AC93038}.Release|Any CPU.Build.0 = Release|Any CPU
		{ADEB99A7-A48E-4A3C-B8FF-07E6B0D9A65A}.Debug|Any CPU.ActiveCfg = Debug|Any CPU
		{ADEB99A7-A48E-4A3C-B8FF-07E6B0D9A65A}.Debug|Any CPU.Build.0 = Debug|Any CPU
		{ADEB99A7-A48E-4A3C-B8FF-07E6B0D9A65A}.Release|Any CPU.ActiveCfg = Release|Any CPU
		{ADEB99A7-A48E-4A3C-B8FF-07E6B0D9A65A}.Release|Any CPU.Build.0 = Release|Any CPU
	EndGlobalSection
	GlobalSection(SolutionProperties) = preSolution
		HideSolutionNode = FALSE
	EndGlobalSection
	GlobalSection(ExtensibilityGlobals) = postSolution
		SolutionGuid = {7907C33B-AD24-4BD7-B351-7850B69AE324}
	EndGlobalSection
EndGlobal
